
Microsoft Visual Studio Solution File, Format Version 12.00
# Visual Studio Version 17
VisualStudioVersion = 17.0.32126.317
MinimumVisualStudioVersion = 10.0.40219.1
Project("{9A19103F-16F7-4668-BE54-9A1E7A4F7556}") = "MergeControl", "MergeControl.csproj", "{19CAF3E9-E5EF-41F3-8203-EF8E54DCCF0B}"
EndProject
Global
	GlobalSection(SolutionConfigurationPlatforms) = preSolution
		Debug|Any CPU = Debug|Any CPU
		Release|Any CPU = Release|Any CPU
	EndGlobalSection
	GlobalSection(ProjectConfigurationPlatforms) = postSolution
		{19CAF3E9-E5EF-41F3-8203-EF8E54DCCF0B}.Debug|Any CPU.ActiveCfg = Debug|Any CPU
		{19CAF3E9-E5EF-41F3-8203-EF8E54DCCF0B}.Debug|Any CPU.Build.0 = Debug|Any CPU
		{19CAF3E9-E5EF-41F3-8203-EF8E54DCCF0B}.Release|Any CPU.ActiveCfg = Release|Any CPU
		{19CAF3E9-E5EF-41F3-8203-EF8E54DCCF0B}.Release|Any CPU.Build.0 = Release|Any CPU
	EndGlobalSection
	GlobalSection(SolutionProperties) = preSolution
		HideSolutionNode = FALSE
	EndGlobalSection
	GlobalSection(ExtensibilityGlobals) = postSolution
		SolutionGuid = {37B734E0-C2DF-4A93-AB48-B2F0EF186B77}
	EndGlobalSection
EndGlobal
